// !$*UTF8*$!
{
	archiveVersion = 1;
	classes = {
	};
	objectVersion = 46;
	objects = {

/* Begin PBXBuildFile section */
		1876F26E1BE8914F006460EB /* main.m in Sources */ = {isa = PBXBuildFile; fileRef = 1876F26D1BE8914F006460EB /* main.m */; };
		1876F2711BE8914F006460EB /* AppDelegate.m in Sources */ = {isa = PBXBuildFile; fileRef = 1876F2701BE8914F006460EB /* AppDelegate.m */; };
		1876F2741BE8914F006460EB /* ViewController.m in Sources */ = {isa = PBXBuildFile; fileRef = 1876F2731BE8914F006460EB /* ViewController.m */; };
		1876F2771BE8914F006460EB /* Main.storyboard in Resources */ = {isa = PBXBuildFile; fileRef = 1876F2751BE8914F006460EB /* Main.storyboard */; };
		1876F2791BE8914F006460EB /* Images.xcassets in Resources */ = {isa = PBXBuildFile; fileRef = 1876F2781BE8914F006460EB /* Images.xcassets */; };
		1876F27C1BE8914F006460EB /* LaunchScreen.xib in Resources */ = {isa = PBXBuildFile; fileRef = 1876F27A1BE8914F006460EB /* LaunchScreen.xib */; };
		1876F2881BE8914F006460EB /* gitTests.m in Sources */ = {isa = PBXBuildFile; fileRef = 1876F2871BE8914F006460EB /* gitTests.m */; };
/* End PBXBuildFile section */

/* Begin PBXContainerItemProxy section */
		1876F2821BE8914F006460EB /* PBXContainerItemProxy */ = {
			isa = PBXContainerItemProxy;
			containerPortal = 1876F2601BE8914F006460EB /* Project object */;
			proxyType = 1;
			remoteGlobalIDString = 1876F2671BE8914F006460EB;
			remoteInfo = git;
		};
/* End PBXContainerItemProxy section */

/* Begin PBXFileReference section */
		1876F2681BE8914F006460EB /* git.app */ = {isa = PBXFileReference; explicitFileType = wrapper.application; includeInIndex = 0; path = git.app; sourceTree = BUILT_PRODUCTS_DIR; };
		1876F26C1BE8914F006460EB /* Info.plist */ = {isa = PBXFileReference; lastKnownFileType = text.plist.xml; path = Info.plist; sourceTree = "<group>"; };
		1876F26D1BE8914F006460EB /* main.m */ = {isa = PBXFileReference; lastKnownFileType = sourcecode.c.objc; path = main.m; sourceTree = "<group>"; };
		1876F26F1BE8914F006460EB /* AppDelegate.h */ = {isa = PBXFileReference; lastKnownFileType = sourcecode.c.h; path = AppDelegate.h; sourceTree = "<group>"; };
		1876F2701BE8914F006460EB /* AppDelegate.m */ = {isa = PBXFileReference; lastKnownFileType = sourcecode.c.objc; path = AppDelegate.m; sourceTree = "<group>"; };
		1876F2721BE8914F006460EB /* ViewController.h */ = {isa = PBXFileReference; lastKnownFileType = sourcecode.c.h; path = ViewController.h; sourceTree = "<group>"; };
		1876F2731BE8914F006460EB /* ViewController.m */ = {isa = PBXFileReference; lastKnownFileType = sourcecode.c.objc; path = ViewController.m; sourceTree = "<group>"; };
		1876F2761BE8914F006460EB /* Base */ = {isa = PBXFileReference; lastKnownFileType = file.storyboard; name = Base; path = Base.lproj/Main.storyboard; sourceTree = "<group>"; };
		1876F2781BE8914F006460EB /* Images.xcassets */ = {isa = PBXFileReference; lastKnownFileType = folder.assetcatalog; path = Images.xcassets; sourceTree = "<group>"; };
		1876F27B1BE8914F006460EB /* Base */ = {isa = PBXFileReference; lastKnownFileType = file.xib; name = Base; path = Base.lproj/LaunchScreen.xib; sourceTree = "<group>"; };
		1876F2811BE8914F006460EB /* gitTests.xctest */ = {isa = PBXFileReference; explicitFileType = wrapper.cfbundle; includeInIndex = 0; path = gitTests.xctest; sourceTree = BUILT_PRODUCTS_DIR; };
		1876F2861BE8914F006460EB /* Info.plist */ = {isa = PBXFileReference; lastKnownFileType = text.plist.xml; path = Info.plist; sourceTree = "<group>"; };
		1876F2871BE8914F006460EB /* gitTests.m */ = {isa = PBXFileReference; lastKnownFileType = sourcecode.c.objc; path = gitTests.m; sourceTree = "<group>"; };
/* End PBXFileReference section */

/* Begin PBXFrameworksBuildPhase section */
		1876F2651BE8914F006460EB /* Frameworks */ = {
			isa = PBXFrameworksBuildPhase;
			buildActionMask = 2147483647;
			files = (
			);
			runOnlyForDeploymentPostprocessing = 0;
		};
		1876F27E1BE8914F006460EB /* Frameworks */ = {
			isa = PBXFrameworksBuildPhase;
			buildActionMask = 2147483647;
			files = (
			);
			runOnlyForDeploymentPostprocessing = 0;
		};
/* End PBXFrameworksBuildPhase section */

/* Begin PBXGroup section */
		1876F25F1BE8914F006460EB = {
			isa = PBXGroup;
			children = (
				1876F26A1BE8914F006460EB /* git */,
				1876F2841BE8914F006460EB /* gitTests */,
				1876F2691BE8914F006460EB /* Products */,
			);
			sourceTree = "<group>";
		};
		1876F2691BE8914F006460EB /* Products */ = {
			isa = PBXGroup;
			children = (
				1876F2681BE8914F006460EB /* git.app */,
				1876F2811BE8914F006460EB /* gitTests.xctest */,
			);
			name = Products;
			sourceTree = "<group>";
		};
		1876F26A1BE8914F006460EB /* git */ = {
			isa = PBXGroup;
			children = (
				1876F26F1BE8914F006460EB /* AppDelegate.h */,
				1876F2701BE8914F006460EB /* AppDelegate.m */,
				1876F2721BE8914F006460EB /* ViewController.h */,
				1876F2731BE8914F006460EB /* ViewController.m */,
				1876F2751BE8914F006460EB /* Main.storyboard */,
				1876F2781BE8914F006460EB /* Images.xcassets */,
				1876F27A1BE8914F006460EB /* LaunchScreen.xib */,
				1876F26B1BE8914F006460EB /* Supporting Files */,
			);
			path = git;
			sourceTree = "<group>";
		};
		1876F26B1BE8914F006460EB /* Supporting Files */ = {
			isa = PBXGroup;
			children = (
				1876F26C1BE8914F006460EB /* Info.plist */,
				1876F26D1BE8914F006460EB /* main.m */,
			);
			name = "Supporting Files";
			sourceTree = "<group>";
		};
		1876F2841BE8914F006460EB /* gitTests */ = {
			isa = PBXGroup;
			children = (
				1876F2871BE8914F006460EB /* gitTests.m */,
				1876F2851BE8914F006460EB /* Supporting Files */,
			);
			path = gitTests;
			sourceTree = "<group>";
		};
		1876F2851BE8914F006460EB /* Supporting Files */ = {
			isa = PBXGroup;
			children = (
				1876F2861BE8914F006460EB /* Info.plist */,
			);
			name = "Supporting Files";
			sourceTree = "<group>";
		};
/* End PBXGroup section */

/* Begin PBXNativeTarget section */
		1876F2671BE8914F006460EB /* git */ = {
			isa = PBXNativeTarget;
			buildConfigurationList = 1876F28B1BE8914F006460EB /* Build configuration list for PBXNativeTarget "git" */;
			buildPhases = (
				1876F2641BE8914F006460EB /* Sources */,
				1876F2651BE8914F006460EB /* Frameworks */,
				1876F2661BE8914F006460EB /* Resources */,
			);
			buildRules = (
			);
			dependencies = (
			);
			name = git;
			productName = git;
			productReference = 1876F2681BE8914F006460EB /* git.app */;
			productType = "com.apple.product-type.application";
		};
		1876F2801BE8914F006460EB /* gitTests */ = {
			isa = PBXNativeTarget;
			buildConfigurationList = 1876F28E1BE8914F006460EB /* Build configuration list for PBXNativeTarget "gitTests" */;
			buildPhases = (
				1876F27D1BE8914F006460EB /* Sources */,
				1876F27E1BE8914F006460EB /* Frameworks */,
				1876F27F1BE8914F006460EB /* Resources */,
			);
			buildRules = (
			);
			dependencies = (
				1876F2831BE8914F006460EB /* PBXTargetDependency */,
			);
			name = gitTests;
			productName = gitTests;
			productReference = 1876F2811BE8914F006460EB /* gitTests.xctest */;
			productType = "com.apple.product-type.bundle.unit-test";
		};
/* End PBXNativeTarget section */

/* Begin PBXProject section */
		1876F2601BE8914F006460EB /* Project object */ = {
			isa = PBXProject;
			attributes = {
				LastUpgradeCheck = 0600;
				ORGANIZATIONNAME = "big nerd ranch";
				TargetAttributes = {
					1876F2671BE8914F006460EB = {
						CreatedOnToolsVersion = 6.0.1;
					};
					1876F2801BE8914F006460EB = {
						CreatedOnToolsVersion = 6.0.1;
						TestTargetID = 1876F2671BE8914F006460EB;
					};
				};
			};
			buildConfigurationList = 1876F2631BE8914F006460EB /* Build configuration list for PBXProject "git" */;
			compatibilityVersion = "Xcode 3.2";
			developmentRegion = English;
			hasScannedForEncodings = 0;
			knownRegions = (
				en,
				Base,
			);
			mainGroup = 1876F25F1BE8914F006460EB;
			productRefGroup = 1876F2691BE8914F006460EB /* Products */;
			projectDirPath = "";
			projectRoot = "";
			targets = (
				1876F2671BE8914F006460EB /* git */,
				1876F2801BE8914F006460EB /* gitTests */,
			);
		};
/* End PBXProject section */

/* Begin PBXResourcesBuildPhase section */
		1876F2661BE8914F006460EB /* Resources */ = {
			isa = PBXResourcesBuildPhase;
			buildActionMask = 2147483647;
			files = (
				1876F2771BE8914F006460EB /* Main.storyboard in Resources */,
				1876F27C1BE8914F006460EB /* LaunchScreen.xib in Resources */,
				1876F2791BE8914F006460EB /* Images.xcassets in Resources */,
			);
			runOnlyForDeploymentPostprocessing = 0;
		};
		1876F27F1BE8914F006460EB /* Resources */ = {
			isa = PBXResourcesBuildPhase;
			buildActionMask = 2147483647;
			files = (
			);
			runOnlyForDeploymentPostprocessing = 0;
		};
/* End PBXResourcesBuildPhase section */

/* Begin PBXSourcesBuildPhase section */
		1876F2641BE8914F006460EB /* Sources */ = {
			isa = PBXSourcesBuildPhase;
			buildActionMask = 2147483647;
			files = (
				1876F2741BE8914F006460EB /* ViewController.m in Sources */,
				1876F2711BE8914F006460EB /* AppDelegate.m in Sources */,
				1876F26E1BE8914F006460EB /* main.m in Sources */,
			);
			runOnlyForDeploymentPostprocessing = 0;
		};
		1876F27D1BE8914F006460EB /* Sources */ = {
			isa = PBXSourcesBuildPhase;
			buildActionMask = 2147483647;
			files = (
				1876F2881BE8914F006460EB /* gitTests.m in Sources */,
			);
			runOnlyForDeploymentPostprocessing = 0;
		};
/* End PBXSourcesBuildPhase section */

/* Begin PBXTargetDependency section */
		1876F2831BE8914F006460EB /* PBXTargetDependency */ = {
			isa = PBXTargetDependency;
			target = 1876F2671BE8914F006460EB /* git */;
			targetProxy = 1876F2821BE8914F006460EB /* PBXContainerItemProxy */;
		};
/* End PBXTargetDependency section */

/* Begin PBXVariantGroup section */
		1876F2751BE8914F006460EB /* Main.storyboard */ = {
			isa = PBXVariantGroup;
			children = (
				1876F2761BE8914F006460EB /* Base */,
			);
			name = Main.storyboard;
			sourceTree = "<group>";
		};
		1876F27A1BE8914F006460EB /* LaunchScreen.xib */ = {
			isa = PBXVariantGroup;
			children = (
				1876F27B1BE8914F006460EB /* Base */,
			);
			name = LaunchScreen.xib;
			sourceTree = "<group>";
		};
/* End PBXVariantGroup section */

/* Begin XCBuildConfiguration section */
		1876F2891BE8914F006460EB /* Debug */ = {
			isa = XCBuildConfiguration;
			buildSettings = {
				ALWAYS_SEARCH_USER_PATHS = NO;
				CLANG_CXX_LANGUAGE_STANDARD = "gnu++0x";
				CLANG_CXX_LIBRARY = "libc++";
				CLANG_ENABLE_MODULES = YES;
				CLANG_ENABLE_OBJC_ARC = YES;
				CLANG_WARN_BOOL_CONVERSION = YES;
				CLANG_WARN_CONSTANT_CONVERSION = YES;
				CLANG_WARN_DIRECT_OBJC_ISA_USAGE = YES_ERROR;
				CLANG_WARN_EMPTY_BODY = YES;
				CLANG_WARN_ENUM_CONVERSION = YES;
				CLANG_WARN_INT_CONVERSION = YES;
				CLANG_WARN_OBJC_ROOT_CLASS = YES_ERROR;
				CLANG_WARN_UNREACHABLE_CODE = YES;
				CLANG_WARN__DUPLICATE_METHOD_MATCH = YES;
				"CODE_SIGN_IDENTITY[sdk=iphoneos*]" = "iPhone Developer";
				COPY_PHASE_STRIP = NO;
				ENABLE_STRICT_OBJC_MSGSEND = YES;
				GCC_C_LANGUAGE_STANDARD = gnu99;
				GCC_DYNAMIC_NO_PIC = NO;
				GCC_OPTIMIZATION_LEVEL = 0;
				GCC_PREPROCESSOR_DEFINITIONS = (
					"DEBUG=1",
					"$(inherited)",
				);
				GCC_SYMBOLS_PRIVATE_EXTERN = NO;
				GCC_WARN_64_TO_32_BIT_CONVERSION = YES;
				GCC_WARN_ABOUT_RETURN_TYPE = YES_ERROR;
				GCC_WARN_UNDECLARED_SELECTOR = YES;
				GCC_WARN_UNINITIALIZED_AUTOS = YES_AGGRESSIVE;
				GCC_WARN_UNUSED_FUNCTION = YES;
				GCC_WARN_UNUSED_VARIABLE = YES;
				IPHONEOS_DEPLOYMENT_TARGET = 8.0;
				MTL_ENABLE_DEBUG_INFO = YES;
				ONLY_ACTIVE_ARCH = YES;
				SDKROOT = iphoneos;
			};
			name = Debug;
		};
		1876F28A1BE8914F006460EB /* Release */ = {
			isa = XCBuildConfiguration;
			buildSettings = {
				ALWAYS_SEARCH_USER_PATHS = NO;
				CLANG_CXX_LANGUAGE_STANDARD = "gnu++0x";
				CLANG_CXX_LIBRARY = "libc++";
				CLANG_ENABLE_MODULES = YES;
				CLANG_ENABLE_OBJC_ARC = YES;
				CLANG_WARN_BOOL_CONVERSION = YES;
				CLANG_WARN_CONSTANT_CONVERSION = YES;
				CLANG_WARN_DIRECT_OBJC_ISA_USAGE = YES_ERROR;
				CLANG_WARN_EMPTY_BODY = YES;
				CLANG_WARN_ENUM_CONVERSION = YES;
				CLANG_WARN_INT_CONVERSION = YES;
				CLANG_WARN_OBJC_ROOT_CLASS = YES_ERROR;
				CLANG_WARN_UNREACHABLE_CODE = YES;
				CLANG_WARN__DUPLICATE_METHOD_MATCH = YES;
				"CODE_SIGN_IDENTITY[sdk=iphoneos*]" = "iPhone Developer";
				COPY_PHASE_STRIP = YES;
				ENABLE_NS_ASSERTIONS = NO;
				ENABLE_STRICT_OBJC_MSGSEND = YES;
				GCC_C_LANGUAGE_STANDARD = gnu99;
				GCC_WARN_64_TO_32_BIT_CONVERSION = YES;
				GCC_WARN_ABOUT_RETURN_TYPE = YES_ERROR;
				GCC_WARN_UNDECLARED_SELECTOR = YES;
				GCC_WARN_UNINITIALIZED_AUTOS = YES_AGGRESSIVE;
				GCC_WARN_UNUSED_FUNCTION = YES;
				GCC_WARN_UNUSED_VARIABLE = YES;
				IPHONEOS_DEPLOYMENT_TARGET = 8.0;
				MTL_ENABLE_DEBUG_INFO = NO;
				SDKROOT = iphoneos;
				VALIDATE_PRODUCT = YES;
			};
			name = Release;
		};
		1876F28C1BE8914F006460EB /* Debug */ = {
			isa = XCBuildConfiguration;
			buildSettings = {
				ASSETCATALOG_COMPILER_APPICON_NAME = AppIcon;
				INFOPLIST_FILE = git/Info.plist;
				LD_RUNPATH_SEARCH_PATHS = "$(inherited) @executable_path/Frameworks";
				PRODUCT_NAME = "$(TARGET_NAME)";
			};
			name = Debug;
		};
		1876F28D1BE8914F006460EB /* Release */ = {
			isa = XCBuildConfiguration;
			buildSettings = {
				ASSETCATALOG_COMPILER_APPICON_NAME = AppIcon;
				INFOPLIST_FILE = git/Info.plist;
				LD_RUNPATH_SEARCH_PATHS = "$(inherited) @executable_path/Frameworks";
				PRODUCT_NAME = "$(TARGET_NAME)";
			};
			name = Release;
		};
		1876F28F1BE8914F006460EB /* Debug */ = {
			isa = XCBuildConfiguration;
			buildSettings = {
				BUNDLE_LOADER = "$(TEST_HOST)";
				FRAMEWORK_SEARCH_PATHS = (
					"$(SDKROOT)/Developer/Library/Frameworks",
					"$(inherited)",
				);
				GCC_PREPROCESSOR_DEFINITIONS = (
					"DEBUG=1",
					"$(inherited)",
				);
				INFOPLIST_FILE = gitTests/Info.plist;
				LD_RUNPATH_SEARCH_PATHS = "$(inherited) @executable_path/Frameworks @loader_path/Frameworks";
				PRODUCT_NAME = "$(TARGET_NAME)";
				TEST_HOST = "$(BUILT_PRODUCTS_DIR)/git.app/git";
			};
			name = Debug;
		};
		1876F2901BE8914F006460EB /* Release */ = {
			isa = XCBuildConfiguration;
			buildSettings = {
				BUNDLE_LOADER = "$(TEST_HOST)";
				FRAMEWORK_SEARCH_PATHS = (
					"$(SDKROOT)/Developer/Library/Frameworks",
					"$(inherited)",
				);
				INFOPLIST_FILE = gitTests/Info.plist;
				LD_RUNPATH_SEARCH_PATHS = "$(inherited) @executable_path/Frameworks @loader_path/Frameworks";
				PRODUCT_NAME = "$(TARGET_NAME)";
				TEST_HOST = "$(BUILT_PRODUCTS_DIR)/git.app/git";
			};
			name = Release;
		};
/* End XCBuildConfiguration section */

/* Begin XCConfigurationList section */
		1876F2631BE8914F006460EB /* Build configuration list for PBXProject "git" */ = {
			isa = XCConfigurationList;
			buildConfigurations = (
				1876F2891BE8914F006460EB /* Debug */,
				1876F28A1BE8914F006460EB /* Release */,
			);
			defaultConfigurationIsVisible = 0;
			defaultConfigurationName = Release;
		};
		1876F28B1BE8914F006460EB /* Build configuration list for PBXNativeTarget "git" */ = {
			isa = XCConfigurationList;
			buildConfigurations = (
				1876F28C1BE8914F006460EB /* Debug */,
				1876F28D1BE8914F006460EB /* Release */,
			);
			defaultConfigurationIsVisible = 0;
		};
		1876F28E1BE8914F006460EB /* Build configuration list for PBXNativeTarget "gitTests" */ = {
			isa = XCConfigurationList;
			buildConfigurations = (
				1876F28F1BE8914F006460EB /* Debug */,
				1876F2901BE8914F006460EB /* Release */,
			);
			defaultConfigurationIsVisible = 0;
		};
/* End XCConfigurationList section */
	};
	rootObject = 1876F2601BE8914F006460EB /* Project object */;
}
